// !$*UTF8*$!
{
	archiveVersion = 1;
	classes = {
	};
	objectVersion = 51;
	objects = {

/* Begin PBXBuildFile section */
		03A0FC9F254B432D0085903C /* Database.swift in Sources */ = {isa = PBXBuildFile; fileRef = 03A0FC9E254B432D0085903C /* Database.swift */; };
		03A0FCA4254B443F0085903C /* User.swift in Sources */ = {isa = PBXBuildFile; fileRef = 03A0FCA3254B443F0085903C /* User.swift */; };
		03A0FCA9254B44B90085903C /* Movie.swift in Sources */ = {isa = PBXBuildFile; fileRef = 03A0FCA8254B44B90085903C /* Movie.swift */; };
		24BCDAA4F4CFE763F7C7DE5C /* Pods_FilmNite_FilmNiteUITests.framework in Frameworks */ = {isa = PBXBuildFile; fileRef = 859CF60F23CBD978BBE44ECE /* Pods_FilmNite_FilmNiteUITests.framework */; };
		6063EB79768077A3C25B488E /* Pods_FilmNiteTests.framework in Frameworks */ = {isa = PBXBuildFile; fileRef = D8438D57E20CDCE84767E80F /* Pods_FilmNiteTests.framework */; };
		7A6FDF16546CEDFDC691BBAC /* Pods_FilmNite.framework in Frameworks */ = {isa = PBXBuildFile; fileRef = 3E25C802C9ABDF4FCE7795EC /* Pods_FilmNite.framework */; };
		8E3E5BEF25544F8600AA5B6F /* GoogleService-Info.plist in Resources */ = {isa = PBXBuildFile; fileRef = 8E3E5BEE25544F8600AA5B6F /* GoogleService-Info.plist */; };
		8E3E5BF025544F8600AA5B6F /* GoogleService-Info.plist in Resources */ = {isa = PBXBuildFile; fileRef = 8E3E5BEE25544F8600AA5B6F /* GoogleService-Info.plist */; };
		8E3E5BF125544F8600AA5B6F /* GoogleService-Info.plist in Resources */ = {isa = PBXBuildFile; fileRef = 8E3E5BEE25544F8600AA5B6F /* GoogleService-Info.plist */; };
		8E6318B9254B327600DEE8E7 /* AppDelegate.swift in Sources */ = {isa = PBXBuildFile; fileRef = 8E6318B8254B327600DEE8E7 /* AppDelegate.swift */; };
		8E6318BB254B327600DEE8E7 /* SceneDelegate.swift in Sources */ = {isa = PBXBuildFile; fileRef = 8E6318BA254B327600DEE8E7 /* SceneDelegate.swift */; };
		8E6318BD254B327600DEE8E7 /* ViewController.swift in Sources */ = {isa = PBXBuildFile; fileRef = 8E6318BC254B327600DEE8E7 /* ViewController.swift */; };
		8E6318C0254B327600DEE8E7 /* Main.storyboard in Resources */ = {isa = PBXBuildFile; fileRef = 8E6318BE254B327600DEE8E7 /* Main.storyboard */; };
		8E6318C2254B327800DEE8E7 /* Assets.xcassets in Resources */ = {isa = PBXBuildFile; fileRef = 8E6318C1254B327800DEE8E7 /* Assets.xcassets */; };
		8E6318C5254B327800DEE8E7 /* LaunchScreen.storyboard in Resources */ = {isa = PBXBuildFile; fileRef = 8E6318C3254B327800DEE8E7 /* LaunchScreen.storyboard */; };
		8E6318D0254B327900DEE8E7 /* FilmNiteTests.swift in Sources */ = {isa = PBXBuildFile; fileRef = 8E6318CF254B327900DEE8E7 /* FilmNiteTests.swift */; };
		8E6318DB254B327900DEE8E7 /* FilmNiteUITests.swift in Sources */ = {isa = PBXBuildFile; fileRef = 8E6318DA254B327900DEE8E7 /* FilmNiteUITests.swift */; };
/* End PBXBuildFile section */

/* Begin PBXContainerItemProxy section */
		8E6318CC254B327900DEE8E7 /* PBXContainerItemProxy */ = {
			isa = PBXContainerItemProxy;
			containerPortal = 8E6318AD254B327600DEE8E7 /* Project object */;
			proxyType = 1;
			remoteGlobalIDString = 8E6318B4254B327600DEE8E7;
			remoteInfo = FilmNite;
		};
		8E6318D7254B327900DEE8E7 /* PBXContainerItemProxy */ = {
			isa = PBXContainerItemProxy;
			containerPortal = 8E6318AD254B327600DEE8E7 /* Project object */;
			proxyType = 1;
			remoteGlobalIDString = 8E6318B4254B327600DEE8E7;
			remoteInfo = FilmNite;
		};
/* End PBXContainerItemProxy section */

/* Begin PBXFileReference section */
		03A0FC9E254B432D0085903C /* Database.swift */ = {isa = PBXFileReference; lastKnownFileType = sourcecode.swift; path = Database.swift; sourceTree = "<group>"; };
		03A0FCA3254B443F0085903C /* User.swift */ = {isa = PBXFileReference; lastKnownFileType = sourcecode.swift; path = User.swift; sourceTree = "<group>"; };
		03A0FCA8254B44B90085903C /* Movie.swift */ = {isa = PBXFileReference; lastKnownFileType = sourcecode.swift; path = Movie.swift; sourceTree = "<group>"; };
		068E4729623203EB6E26556D /* Pods-FilmNiteTests.release.xcconfig */ = {isa = PBXFileReference; includeInIndex = 1; lastKnownFileType = text.xcconfig; name = "Pods-FilmNiteTests.release.xcconfig"; path = "Target Support Files/Pods-FilmNiteTests/Pods-FilmNiteTests.release.xcconfig"; sourceTree = "<group>"; };
		16B580CA0CD572FB3296C00E /* Pods-FilmNiteTests.debug.xcconfig */ = {isa = PBXFileReference; includeInIndex = 1; lastKnownFileType = text.xcconfig; name = "Pods-FilmNiteTests.debug.xcconfig"; path = "Target Support Files/Pods-FilmNiteTests/Pods-FilmNiteTests.debug.xcconfig"; sourceTree = "<group>"; };
		3E25C802C9ABDF4FCE7795EC /* Pods_FilmNite.framework */ = {isa = PBXFileReference; explicitFileType = wrapper.framework; includeInIndex = 0; path = Pods_FilmNite.framework; sourceTree = BUILT_PRODUCTS_DIR; };
		859CF60F23CBD978BBE44ECE /* Pods_FilmNite_FilmNiteUITests.framework */ = {isa = PBXFileReference; explicitFileType = wrapper.framework; includeInIndex = 0; path = Pods_FilmNite_FilmNiteUITests.framework; sourceTree = BUILT_PRODUCTS_DIR; };
		8E3E5BEE25544F8600AA5B6F /* GoogleService-Info.plist */ = {isa = PBXFileReference; fileEncoding = 4; lastKnownFileType = text.plist.xml; name = "GoogleService-Info.plist"; path = "../../../Downloads/GoogleService-Info.plist"; sourceTree = "<group>"; };
		8E6318B5254B327600DEE8E7 /* FilmNite.app */ = {isa = PBXFileReference; explicitFileType = wrapper.application; includeInIndex = 0; path = FilmNite.app; sourceTree = BUILT_PRODUCTS_DIR; };
		8E6318B8254B327600DEE8E7 /* AppDelegate.swift */ = {isa = PBXFileReference; lastKnownFileType = sourcecode.swift; path = AppDelegate.swift; sourceTree = "<group>"; };
		8E6318BA254B327600DEE8E7 /* SceneDelegate.swift */ = {isa = PBXFileReference; lastKnownFileType = sourcecode.swift; path = SceneDelegate.swift; sourceTree = "<group>"; };
		8E6318BC254B327600DEE8E7 /* ViewController.swift */ = {isa = PBXFileReference; lastKnownFileType = sourcecode.swift; path = ViewController.swift; sourceTree = "<group>"; };
		8E6318BF254B327600DEE8E7 /* Base */ = {isa = PBXFileReference; lastKnownFileType = file.storyboard; name = Base; path = Base.lproj/Main.storyboard; sourceTree = "<group>"; };
		8E6318C1254B327800DEE8E7 /* Assets.xcassets */ = {isa = PBXFileReference; lastKnownFileType = folder.assetcatalog; path = Assets.xcassets; sourceTree = "<group>"; };
		8E6318C4254B327800DEE8E7 /* Base */ = {isa = PBXFileReference; lastKnownFileType = file.storyboard; name = Base; path = Base.lproj/LaunchScreen.storyboard; sourceTree = "<group>"; };
		8E6318C6254B327800DEE8E7 /* Info.plist */ = {isa = PBXFileReference; lastKnownFileType = text.plist.xml; path = Info.plist; sourceTree = "<group>"; };
		8E6318CB254B327900DEE8E7 /* FilmNiteTests.xctest */ = {isa = PBXFileReference; explicitFileType = wrapper.cfbundle; includeInIndex = 0; path = FilmNiteTests.xctest; sourceTree = BUILT_PRODUCTS_DIR; };
		8E6318CF254B327900DEE8E7 /* FilmNiteTests.swift */ = {isa = PBXFileReference; lastKnownFileType = sourcecode.swift; path = FilmNiteTests.swift; sourceTree = "<group>"; };
		8E6318D1254B327900DEE8E7 /* Info.plist */ = {isa = PBXFileReference; lastKnownFileType = text.plist.xml; path = Info.plist; sourceTree = "<group>"; };
		8E6318D6254B327900DEE8E7 /* FilmNiteUITests.xctest */ = {isa = PBXFileReference; explicitFileType = wrapper.cfbundle; includeInIndex = 0; path = FilmNiteUITests.xctest; sourceTree = BUILT_PRODUCTS_DIR; };
		8E6318DA254B327900DEE8E7 /* FilmNiteUITests.swift */ = {isa = PBXFileReference; lastKnownFileType = sourcecode.swift; path = FilmNiteUITests.swift; sourceTree = "<group>"; };
		8E6318DC254B327900DEE8E7 /* Info.plist */ = {isa = PBXFileReference; lastKnownFileType = text.plist.xml; path = Info.plist; sourceTree = "<group>"; };
		9D1D2484B1A2A54773AD4FBE /* Pods-FilmNite-FilmNiteUITests.release.xcconfig */ = {isa = PBXFileReference; includeInIndex = 1; lastKnownFileType = text.xcconfig; name = "Pods-FilmNite-FilmNiteUITests.release.xcconfig"; path = "Target Support Files/Pods-FilmNite-FilmNiteUITests/Pods-FilmNite-FilmNiteUITests.release.xcconfig"; sourceTree = "<group>"; };
		A2156F374751B353EE6F43C2 /* Pods-FilmNite-FilmNiteUITests.debug.xcconfig */ = {isa = PBXFileReference; includeInIndex = 1; lastKnownFileType = text.xcconfig; name = "Pods-FilmNite-FilmNiteUITests.debug.xcconfig"; path = "Target Support Files/Pods-FilmNite-FilmNiteUITests/Pods-FilmNite-FilmNiteUITests.debug.xcconfig"; sourceTree = "<group>"; };
		AAE94EBF30FA7453072FF0B1 /* Pods-FilmNite.release.xcconfig */ = {isa = PBXFileReference; includeInIndex = 1; lastKnownFileType = text.xcconfig; name = "Pods-FilmNite.release.xcconfig"; path = "Target Support Files/Pods-FilmNite/Pods-FilmNite.release.xcconfig"; sourceTree = "<group>"; };
		D02D06B3677A0EC430450925 /* Pods-FilmNite.debug.xcconfig */ = {isa = PBXFileReference; includeInIndex = 1; lastKnownFileType = text.xcconfig; name = "Pods-FilmNite.debug.xcconfig"; path = "Target Support Files/Pods-FilmNite/Pods-FilmNite.debug.xcconfig"; sourceTree = "<group>"; };
		D8438D57E20CDCE84767E80F /* Pods_FilmNiteTests.framework */ = {isa = PBXFileReference; explicitFileType = wrapper.framework; includeInIndex = 0; path = Pods_FilmNiteTests.framework; sourceTree = BUILT_PRODUCTS_DIR; };
/* End PBXFileReference section */

/* Begin PBXFrameworksBuildPhase section */
		8E6318B2254B327600DEE8E7 /* Frameworks */ = {
			isa = PBXFrameworksBuildPhase;
			buildActionMask = 2147483647;
			files = (
				7A6FDF16546CEDFDC691BBAC /* Pods_FilmNite.framework in Frameworks */,
			);
			runOnlyForDeploymentPostprocessing = 0;
		};
		8E6318C8254B327900DEE8E7 /* Frameworks */ = {
			isa = PBXFrameworksBuildPhase;
			buildActionMask = 2147483647;
			files = (
				6063EB79768077A3C25B488E /* Pods_FilmNiteTests.framework in Frameworks */,
			);
			runOnlyForDeploymentPostprocessing = 0;
		};
		8E6318D3254B327900DEE8E7 /* Frameworks */ = {
			isa = PBXFrameworksBuildPhase;
			buildActionMask = 2147483647;
			files = (
				24BCDAA4F4CFE763F7C7DE5C /* Pods_FilmNite_FilmNiteUITests.framework in Frameworks */,
			);
			runOnlyForDeploymentPostprocessing = 0;
		};
/* End PBXFrameworksBuildPhase section */

/* Begin PBXGroup section */
		8E6318AC254B327600DEE8E7 = {
			isa = PBXGroup;
			children = (
				8E3E5BEE25544F8600AA5B6F /* GoogleService-Info.plist */,
				8E6318B7254B327600DEE8E7 /* FilmNite */,
				8E6318CE254B327900DEE8E7 /* FilmNiteTests */,
				8E6318D9254B327900DEE8E7 /* FilmNiteUITests */,
				8E6318B6254B327600DEE8E7 /* Products */,
				F4296842A25045A3AA409204 /* Pods */,
				9E4F3B5BE6CC2200DC4DEDE3 /* Frameworks */,
			);
			sourceTree = "<group>";
		};
		8E6318B6254B327600DEE8E7 /* Products */ = {
			isa = PBXGroup;
			children = (
				8E6318B5254B327600DEE8E7 /* FilmNite.app */,
				8E6318CB254B327900DEE8E7 /* FilmNiteTests.xctest */,
				8E6318D6254B327900DEE8E7 /* FilmNiteUITests.xctest */,
			);
			name = Products;
			sourceTree = "<group>";
		};
		8E6318B7254B327600DEE8E7 /* FilmNite */ = {
			isa = PBXGroup;
			children = (
				8E6318B8254B327600DEE8E7 /* AppDelegate.swift */,
				8E6318BA254B327600DEE8E7 /* SceneDelegate.swift */,
				8E6318BC254B327600DEE8E7 /* ViewController.swift */,
				8E6318BE254B327600DEE8E7 /* Main.storyboard */,
				03A0FC9E254B432D0085903C /* Database.swift */,
				03A0FCA3254B443F0085903C /* User.swift */,
				03A0FCA8254B44B90085903C /* Movie.swift */,
				8E6318C1254B327800DEE8E7 /* Assets.xcassets */,
				8E6318C3254B327800DEE8E7 /* LaunchScreen.storyboard */,
				8E6318C6254B327800DEE8E7 /* Info.plist */,
			);
			path = FilmNite;
			sourceTree = "<group>";
		};
		8E6318CE254B327900DEE8E7 /* FilmNiteTests */ = {
			isa = PBXGroup;
			children = (
				8E6318CF254B327900DEE8E7 /* FilmNiteTests.swift */,
				8E6318D1254B327900DEE8E7 /* Info.plist */,
			);
			path = FilmNiteTests;
			sourceTree = "<group>";
		};
		8E6318D9254B327900DEE8E7 /* FilmNiteUITests */ = {
			isa = PBXGroup;
			children = (
				8E6318DA254B327900DEE8E7 /* FilmNiteUITests.swift */,
				8E6318DC254B327900DEE8E7 /* Info.plist */,
			);
			path = FilmNiteUITests;
			sourceTree = "<group>";
		};
		9E4F3B5BE6CC2200DC4DEDE3 /* Frameworks */ = {
			isa = PBXGroup;
			children = (
				3E25C802C9ABDF4FCE7795EC /* Pods_FilmNite.framework */,
				859CF60F23CBD978BBE44ECE /* Pods_FilmNite_FilmNiteUITests.framework */,
				D8438D57E20CDCE84767E80F /* Pods_FilmNiteTests.framework */,
			);
			name = Frameworks;
			sourceTree = "<group>";
		};
		F4296842A25045A3AA409204 /* Pods */ = {
			isa = PBXGroup;
			children = (
				D02D06B3677A0EC430450925 /* Pods-FilmNite.debug.xcconfig */,
				AAE94EBF30FA7453072FF0B1 /* Pods-FilmNite.release.xcconfig */,
				A2156F374751B353EE6F43C2 /* Pods-FilmNite-FilmNiteUITests.debug.xcconfig */,
				9D1D2484B1A2A54773AD4FBE /* Pods-FilmNite-FilmNiteUITests.release.xcconfig */,
				16B580CA0CD572FB3296C00E /* Pods-FilmNiteTests.debug.xcconfig */,
				068E4729623203EB6E26556D /* Pods-FilmNiteTests.release.xcconfig */,
			);
			path = Pods;
			sourceTree = "<group>";
		};
/* End PBXGroup section */

/* Begin PBXNativeTarget section */
		8E6318B4254B327600DEE8E7 /* FilmNite */ = {
			isa = PBXNativeTarget;
			buildConfigurationList = 8E6318DF254B327900DEE8E7 /* Build configuration list for PBXNativeTarget "FilmNite" */;
			buildPhases = (
				4AC455377A8258504FA2AD08 /* [CP] Check Pods Manifest.lock */,
				8E6318B1254B327600DEE8E7 /* Sources */,
				8E6318B2254B327600DEE8E7 /* Frameworks */,
				8E6318B3254B327600DEE8E7 /* Resources */,
				EE5EB8096BF3AEAE8E086898 /* [CP] Embed Pods Frameworks */,
			);
			buildRules = (
			);
			dependencies = (
			);
			name = FilmNite;
			productName = FilmNite;
			productReference = 8E6318B5254B327600DEE8E7 /* FilmNite.app */;
			productType = "com.apple.product-type.application";
		};
		8E6318CA254B327900DEE8E7 /* FilmNiteTests */ = {
			isa = PBXNativeTarget;
			buildConfigurationList = 8E6318E2254B327900DEE8E7 /* Build configuration list for PBXNativeTarget "FilmNiteTests" */;
			buildPhases = (
				3ACB5EE1A9B8C734A298E8D8 /* [CP] Check Pods Manifest.lock */,
				8E6318C7254B327900DEE8E7 /* Sources */,
				8E6318C8254B327900DEE8E7 /* Frameworks */,
				8E6318C9254B327900DEE8E7 /* Resources */,
			);
			buildRules = (
			);
			dependencies = (
				8E6318CD254B327900DEE8E7 /* PBXTargetDependency */,
			);
			name = FilmNiteTests;
			productName = FilmNiteTests;
			productReference = 8E6318CB254B327900DEE8E7 /* FilmNiteTests.xctest */;
			productType = "com.apple.product-type.bundle.unit-test";
		};
		8E6318D5254B327900DEE8E7 /* FilmNiteUITests */ = {
			isa = PBXNativeTarget;
			buildConfigurationList = 8E6318E5254B327900DEE8E7 /* Build configuration list for PBXNativeTarget "FilmNiteUITests" */;
			buildPhases = (
				F376B5975BCCFFBD59A8DF8B /* [CP] Check Pods Manifest.lock */,
				8E6318D2254B327900DEE8E7 /* Sources */,
				8E6318D3254B327900DEE8E7 /* Frameworks */,
				8E6318D4254B327900DEE8E7 /* Resources */,
				E87F64D2836C94CB41DC15D8 /* [CP] Embed Pods Frameworks */,
			);
			buildRules = (
			);
			dependencies = (
				8E6318D8254B327900DEE8E7 /* PBXTargetDependency */,
			);
			name = FilmNiteUITests;
			productName = FilmNiteUITests;
			productReference = 8E6318D6254B327900DEE8E7 /* FilmNiteUITests.xctest */;
			productType = "com.apple.product-type.bundle.ui-testing";
		};
/* End PBXNativeTarget section */

/* Begin PBXProject section */
		8E6318AD254B327600DEE8E7 /* Project object */ = {
			isa = PBXProject;
			attributes = {
				LastSwiftUpdateCheck = 1210;
				LastUpgradeCheck = 1210;
				TargetAttributes = {
					8E6318B4254B327600DEE8E7 = {
						CreatedOnToolsVersion = 12.1;
					};
					8E6318CA254B327900DEE8E7 = {
						CreatedOnToolsVersion = 12.1;
						TestTargetID = 8E6318B4254B327600DEE8E7;
					};
					8E6318D5254B327900DEE8E7 = {
						CreatedOnToolsVersion = 12.1;
						TestTargetID = 8E6318B4254B327600DEE8E7;
					};
				};
			};
			buildConfigurationList = 8E6318B0254B327600DEE8E7 /* Build configuration list for PBXProject "FilmNite" */;
			compatibilityVersion = "Xcode 9.3";
			developmentRegion = en;
			hasScannedForEncodings = 0;
			knownRegions = (
				en,
				Base,
			);
			mainGroup = 8E6318AC254B327600DEE8E7;
			productRefGroup = 8E6318B6254B327600DEE8E7 /* Products */;
			projectDirPath = "";
			projectRoot = "";
			targets = (
				8E6318B4254B327600DEE8E7 /* FilmNite */,
				8E6318CA254B327900DEE8E7 /* FilmNiteTests */,
				8E6318D5254B327900DEE8E7 /* FilmNiteUITests */,
			);
		};
/* End PBXProject section */

/* Begin PBXResourcesBuildPhase section */
		8E6318B3254B327600DEE8E7 /* Resources */ = {
			isa = PBXResourcesBuildPhase;
			buildActionMask = 2147483647;
			files = (
				8E6318C5254B327800DEE8E7 /* LaunchScreen.storyboard in Resources */,
				8E3E5BEF25544F8600AA5B6F /* GoogleService-Info.plist in Resources */,
				8E6318C2254B327800DEE8E7 /* Assets.xcassets in Resources */,
				8E6318C0254B327600DEE8E7 /* Main.storyboard in Resources */,
			);
			runOnlyForDeploymentPostprocessing = 0;
		};
		8E6318C9254B327900DEE8E7 /* Resources */ = {
			isa = PBXResourcesBuildPhase;
			buildActionMask = 2147483647;
			files = (
				8E3E5BF025544F8600AA5B6F /* GoogleService-Info.plist in Resources */,
			);
			runOnlyForDeploymentPostprocessing = 0;
		};
		8E6318D4254B327900DEE8E7 /* Resources */ = {
			isa = PBXResourcesBuildPhase;
			buildActionMask = 2147483647;
			files = (
				8E3E5BF125544F8600AA5B6F /* GoogleService-Info.plist in Resources */,
			);
			runOnlyForDeploymentPostprocessing = 0;
		};
/* End PBXResourcesBuildPhase section */

/* Begin PBXShellScriptBuildPhase section */
		3ACB5EE1A9B8C734A298E8D8 /* [CP] Check Pods Manifest.lock */ = {
			isa = PBXShellScriptBuildPhase;
			buildActionMask = 2147483647;
			files = (
			);
			inputFileListPaths = (
			);
			inputPaths = (
				"${PODS_PODFILE_DIR_PATH}/Podfile.lock",
				"${PODS_ROOT}/Manifest.lock",
			);
			name = "[CP] Check Pods Manifest.lock";
			outputFileListPaths = (
			);
			outputPaths = (
				"$(DERIVED_FILE_DIR)/Pods-FilmNiteTests-checkManifestLockResult.txt",
			);
			runOnlyForDeploymentPostprocessing = 0;
			shellPath = /bin/sh;
			shellScript = "diff \"${PODS_PODFILE_DIR_PATH}/Podfile.lock\" \"${PODS_ROOT}/Manifest.lock\" > /dev/null\nif [ $? != 0 ] ; then\n    # print error to STDERR\n    echo \"error: The sandbox is not in sync with the Podfile.lock. Run 'pod install' or update your CocoaPods installation.\" >&2\n    exit 1\nfi\n# This output is used by Xcode 'outputs' to avoid re-running this script phase.\necho \"SUCCESS\" > \"${SCRIPT_OUTPUT_FILE_0}\"\n";
			showEnvVarsInLog = 0;
		};
		4AC455377A8258504FA2AD08 /* [CP] Check Pods Manifest.lock */ = {
			isa = PBXShellScriptBuildPhase;
			buildActionMask = 2147483647;
			files = (
			);
			inputFileListPaths = (
			);
			inputPaths = (
				"${PODS_PODFILE_DIR_PATH}/Podfile.lock",
				"${PODS_ROOT}/Manifest.lock",
			);
			name = "[CP] Check Pods Manifest.lock";
			outputFileListPaths = (
			);
			outputPaths = (
				"$(DERIVED_FILE_DIR)/Pods-FilmNite-checkManifestLockResult.txt",
			);
			runOnlyForDeploymentPostprocessing = 0;
			shellPath = /bin/sh;
			shellScript = "diff \"${PODS_PODFILE_DIR_PATH}/Podfile.lock\" \"${PODS_ROOT}/Manifest.lock\" > /dev/null\nif [ $? != 0 ] ; then\n    # print error to STDERR\n    echo \"error: The sandbox is not in sync with the Podfile.lock. Run 'pod install' or update your CocoaPods installation.\" >&2\n    exit 1\nfi\n# This output is used by Xcode 'outputs' to avoid re-running this script phase.\necho \"SUCCESS\" > \"${SCRIPT_OUTPUT_FILE_0}\"\n";
			showEnvVarsInLog = 0;
		};
		E87F64D2836C94CB41DC15D8 /* [CP] Embed Pods Frameworks */ = {
			isa = PBXShellScriptBuildPhase;
			buildActionMask = 2147483647;
			files = (
			);
			inputFileListPaths = (
				"${PODS_ROOT}/Target Support Files/Pods-FilmNite-FilmNiteUITests/Pods-FilmNite-FilmNiteUITests-frameworks-${CONFIGURATION}-input-files.xcfilelist",
			);
			name = "[CP] Embed Pods Frameworks";
			outputFileListPaths = (
				"${PODS_ROOT}/Target Support Files/Pods-FilmNite-FilmNiteUITests/Pods-FilmNite-FilmNiteUITests-frameworks-${CONFIGURATION}-output-files.xcfilelist",
			);
			runOnlyForDeploymentPostprocessing = 0;
			shellPath = /bin/sh;
			shellScript = "\"${PODS_ROOT}/Target Support Files/Pods-FilmNite-FilmNiteUITests/Pods-FilmNite-FilmNiteUITests-frameworks.sh\"\n";
			showEnvVarsInLog = 0;
		};
		EE5EB8096BF3AEAE8E086898 /* [CP] Embed Pods Frameworks */ = {
			isa = PBXShellScriptBuildPhase;
			buildActionMask = 2147483647;
			files = (
			);
			inputFileListPaths = (
				"${PODS_ROOT}/Target Support Files/Pods-FilmNite/Pods-FilmNite-frameworks-${CONFIGURATION}-input-files.xcfilelist",
			);
			name = "[CP] Embed Pods Frameworks";
			outputFileListPaths = (
				"${PODS_ROOT}/Target Support Files/Pods-FilmNite/Pods-FilmNite-frameworks-${CONFIGURATION}-output-files.xcfilelist",
			);
			runOnlyForDeploymentPostprocessing = 0;
			shellPath = /bin/sh;
			shellScript = "\"${PODS_ROOT}/Target Support Files/Pods-FilmNite/Pods-FilmNite-frameworks.sh\"\n";
			showEnvVarsInLog = 0;
		};
		F376B5975BCCFFBD59A8DF8B /* [CP] Check Pods Manifest.lock */ = {
			isa = PBXShellScriptBuildPhase;
			buildActionMask = 2147483647;
			files = (
			);
			inputFileListPaths = (
			);
			inputPaths = (
				"${PODS_PODFILE_DIR_PATH}/Podfile.lock",
				"${PODS_ROOT}/Manifest.lock",
			);
			name = "[CP] Check Pods Manifest.lock";
			outputFileListPaths = (
			);
			outputPaths = (
				"$(DERIVED_FILE_DIR)/Pods-FilmNite-FilmNiteUITests-checkManifestLockResult.txt",
			);
			runOnlyForDeploymentPostprocessing = 0;
			shellPath = /bin/sh;
			shellScript = "diff \"${PODS_PODFILE_DIR_PATH}/Podfile.lock\" \"${PODS_ROOT}/Manifest.lock\" > /dev/null\nif [ $? != 0 ] ; then\n    # print error to STDERR\n    echo \"error: The sandbox is not in sync with the Podfile.lock. Run 'pod install' or update your CocoaPods installation.\" >&2\n    exit 1\nfi\n# This output is used by Xcode 'outputs' to avoid re-running this script phase.\necho \"SUCCESS\" > \"${SCRIPT_OUTPUT_FILE_0}\"\n";
			showEnvVarsInLog = 0;
		};
/* End PBXShellScriptBuildPhase section */

/* Begin PBXSourcesBuildPhase section */
		8E6318B1254B327600DEE8E7 /* Sources */ = {
			isa = PBXSourcesBuildPhase;
			buildActionMask = 2147483647;
			files = (
				8E6318BD254B327600DEE8E7 /* ViewController.swift in Sources */,
				8E6318B9254B327600DEE8E7 /* AppDelegate.swift in Sources */,
				03A0FCA9254B44B90085903C /* Movie.swift in Sources */,
				03A0FC9F254B432D0085903C /* Database.swift in Sources */,
				03A0FCA4254B443F0085903C /* User.swift in Sources */,
				8E6318BB254B327600DEE8E7 /* SceneDelegate.swift in Sources */,
			);
			runOnlyForDeploymentPostprocessing = 0;
		};
		8E6318C7254B327900DEE8E7 /* Sources */ = {
			isa = PBXSourcesBuildPhase;
			buildActionMask = 2147483647;
			files = (
				8E6318D0254B327900DEE8E7 /* FilmNiteTests.swift in Sources */,
			);
			runOnlyForDeploymentPostprocessing = 0;
		};
		8E6318D2254B327900DEE8E7 /* Sources */ = {
			isa = PBXSourcesBuildPhase;
			buildActionMask = 2147483647;
			files = (
				8E6318DB254B327900DEE8E7 /* FilmNiteUITests.swift in Sources */,
			);
			runOnlyForDeploymentPostprocessing = 0;
		};
/* End PBXSourcesBuildPhase section */

/* Begin PBXTargetDependency section */
		8E6318CD254B327900DEE8E7 /* PBXTargetDependency */ = {
			isa = PBXTargetDependency;
			target = 8E6318B4254B327600DEE8E7 /* FilmNite */;
			targetProxy = 8E6318CC254B327900DEE8E7 /* PBXContainerItemProxy */;
		};
		8E6318D8254B327900DEE8E7 /* PBXTargetDependency */ = {
			isa = PBXTargetDependency;
			target = 8E6318B4254B327600DEE8E7 /* FilmNite */;
			targetProxy = 8E6318D7254B327900DEE8E7 /* PBXContainerItemProxy */;
		};
/* End PBXTargetDependency section */

/* Begin PBXVariantGroup section */
		8E6318BE254B327600DEE8E7 /* Main.storyboard */ = {
			isa = PBXVariantGroup;
			children = (
				8E6318BF254B327600DEE8E7 /* Base */,
			);
			name = Main.storyboard;
			sourceTree = "<group>";
		};
		8E6318C3254B327800DEE8E7 /* LaunchScreen.storyboard */ = {
			isa = PBXVariantGroup;
			children = (
				8E6318C4254B327800DEE8E7 /* Base */,
			);
			name = LaunchScreen.storyboard;
			sourceTree = "<group>";
		};
/* End PBXVariantGroup section */

/* Begin XCBuildConfiguration section */
		8E6318DD254B327900DEE8E7 /* Debug */ = {
			isa = XCBuildConfiguration;
			buildSettings = {
				ALWAYS_SEARCH_USER_PATHS = NO;
				CLANG_ANALYZER_NONNULL = YES;
				CLANG_ANALYZER_NUMBER_OBJECT_CONVERSION = YES_AGGRESSIVE;
				CLANG_CXX_LANGUAGE_STANDARD = "gnu++14";
				CLANG_CXX_LIBRARY = "libc++";
				CLANG_ENABLE_MODULES = YES;
				CLANG_ENABLE_OBJC_ARC = YES;
				CLANG_ENABLE_OBJC_WEAK = YES;
				CLANG_WARN_BLOCK_CAPTURE_AUTORELEASING = YES;
				CLANG_WARN_BOOL_CONVERSION = YES;
				CLANG_WARN_COMMA = YES;
				CLANG_WARN_CONSTANT_CONVERSION = YES;
				CLANG_WARN_DEPRECATED_OBJC_IMPLEMENTATIONS = YES;
				CLANG_WARN_DIRECT_OBJC_ISA_USAGE = YES_ERROR;
				CLANG_WARN_DOCUMENTATION_COMMENTS = YES;
				CLANG_WARN_EMPTY_BODY = YES;
				CLANG_WARN_ENUM_CONVERSION = YES;
				CLANG_WARN_INFINITE_RECURSION = YES;
				CLANG_WARN_INT_CONVERSION = YES;
				CLANG_WARN_NON_LITERAL_NULL_CONVERSION = YES;
				CLANG_WARN_OBJC_IMPLICIT_RETAIN_SELF = YES;
				CLANG_WARN_OBJC_LITERAL_CONVERSION = YES;
				CLANG_WARN_OBJC_ROOT_CLASS = YES_ERROR;
				CLANG_WARN_QUOTED_INCLUDE_IN_FRAMEWORK_HEADER = YES;
				CLANG_WARN_RANGE_LOOP_ANALYSIS = YES;
				CLANG_WARN_STRICT_PROTOTYPES = YES;
				CLANG_WARN_SUSPICIOUS_MOVE = YES;
				CLANG_WARN_UNGUARDED_AVAILABILITY = YES_AGGRESSIVE;
				CLANG_WARN_UNREACHABLE_CODE = YES;
				CLANG_WARN__DUPLICATE_METHOD_MATCH = YES;
				COPY_PHASE_STRIP = NO;
				DEBUG_INFORMATION_FORMAT = dwarf;
				ENABLE_STRICT_OBJC_MSGSEND = YES;
				ENABLE_TESTABILITY = YES;
				GCC_C_LANGUAGE_STANDARD = gnu11;
				GCC_DYNAMIC_NO_PIC = NO;
				GCC_NO_COMMON_BLOCKS = YES;
				GCC_OPTIMIZATION_LEVEL = 0;
				GCC_PREPROCESSOR_DEFINITIONS = (
					"DEBUG=1",
					"$(inherited)",
				);
				GCC_WARN_64_TO_32_BIT_CONVERSION = YES;
				GCC_WARN_ABOUT_RETURN_TYPE = YES_ERROR;
				GCC_WARN_UNDECLARED_SELECTOR = YES;
				GCC_WARN_UNINITIALIZED_AUTOS = YES_AGGRESSIVE;
				GCC_WARN_UNUSED_FUNCTION = YES;
				GCC_WARN_UNUSED_VARIABLE = YES;
				IPHONEOS_DEPLOYMENT_TARGET = 14.1;
				MTL_ENABLE_DEBUG_INFO = INCLUDE_SOURCE;
				MTL_FAST_MATH = YES;
				ONLY_ACTIVE_ARCH = YES;
				SDKROOT = iphoneos;
				SWIFT_ACTIVE_COMPILATION_CONDITIONS = DEBUG;
				SWIFT_OPTIMIZATION_LEVEL = "-Onone";
			};
			name = Debug;
		};
		8E6318DE254B327900DEE8E7 /* Release */ = {
			isa = XCBuildConfiguration;
			buildSettings = {
				ALWAYS_SEARCH_USER_PATHS = NO;
				CLANG_ANALYZER_NONNULL = YES;
				CLANG_ANALYZER_NUMBER_OBJECT_CONVERSION = YES_AGGRESSIVE;
				CLANG_CXX_LANGUAGE_STANDARD = "gnu++14";
				CLANG_CXX_LIBRARY = "libc++";
				CLANG_ENABLE_MODULES = YES;
				CLANG_ENABLE_OBJC_ARC = YES;
				CLANG_ENABLE_OBJC_WEAK = YES;
				CLANG_WARN_BLOCK_CAPTURE_AUTORELEASING = YES;
				CLANG_WARN_BOOL_CONVERSION = YES;
				CLANG_WARN_COMMA = YES;
				CLANG_WARN_CONSTANT_CONVERSION = YES;
				CLANG_WARN_DEPRECATED_OBJC_IMPLEMENTATIONS = YES;
				CLANG_WARN_DIRECT_OBJC_ISA_USAGE = YES_ERROR;
				CLANG_WARN_DOCUMENTATION_COMMENTS = YES;
				CLANG_WARN_EMPTY_BODY = YES;
				CLANG_WARN_ENUM_CONVERSION = YES;
				CLANG_WARN_INFINITE_RECURSION = YES;
				CLANG_WARN_INT_CONVERSION = YES;
				CLANG_WARN_NON_LITERAL_NULL_CONVERSION = YES;
				CLANG_WARN_OBJC_IMPLICIT_RETAIN_SELF = YES;
				CLANG_WARN_OBJC_LITERAL_CONVERSION = YES;
				CLANG_WARN_OBJC_ROOT_CLASS = YES_ERROR;
				CLANG_WARN_QUOTED_INCLUDE_IN_FRAMEWORK_HEADER = YES;
				CLANG_WARN_RANGE_LOOP_ANALYSIS = YES;
				CLANG_WARN_STRICT_PROTOTYPES = YES;
				CLANG_WARN_SUSPICIOUS_MOVE = YES;
				CLANG_WARN_UNGUARDED_AVAILABILITY = YES_AGGRESSIVE;
				CLANG_WARN_UNREACHABLE_CODE = YES;
				CLANG_WARN__DUPLICATE_METHOD_MATCH = YES;
				COPY_PHASE_STRIP = NO;
				DEBUG_INFORMATION_FORMAT = "dwarf-with-dsym";
				ENABLE_NS_ASSERTIONS = NO;
				ENABLE_STRICT_OBJC_MSGSEND = YES;
				GCC_C_LANGUAGE_STANDARD = gnu11;
				GCC_NO_COMMON_BLOCKS = YES;
				GCC_WARN_64_TO_32_BIT_CONVERSION = YES;
				GCC_WARN_ABOUT_RETURN_TYPE = YES_ERROR;
				GCC_WARN_UNDECLARED_SELECTOR = YES;
				GCC_WARN_UNINITIALIZED_AUTOS = YES_AGGRESSIVE;
				GCC_WARN_UNUSED_FUNCTION = YES;
				GCC_WARN_UNUSED_VARIABLE = YES;
				IPHONEOS_DEPLOYMENT_TARGET = 14.1;
				MTL_ENABLE_DEBUG_INFO = NO;
				MTL_FAST_MATH = YES;
				SDKROOT = iphoneos;
				SWIFT_COMPILATION_MODE = wholemodule;
				SWIFT_OPTIMIZATION_LEVEL = "-O";
				VALIDATE_PRODUCT = YES;
			};
			name = Release;
		};
		8E6318E0254B327900DEE8E7 /* Debug */ = {
			isa = XCBuildConfiguration;
			baseConfigurationReference = D02D06B3677A0EC430450925 /* Pods-FilmNite.debug.xcconfig */;
			buildSettings = {
				ASSETCATALOG_COMPILER_APPICON_NAME = AppIcon;
				ASSETCATALOG_COMPILER_GLOBAL_ACCENT_COLOR_NAME = AccentColor;
				CODE_SIGN_STYLE = Automatic;
				INFOPLIST_FILE = FilmNite/Info.plist;
				LD_RUNPATH_SEARCH_PATHS = (
					"$(inherited)",
					"@executable_path/Frameworks",
				);
				PRODUCT_BUNDLE_IDENTIFIER = FilmNite.FilmNite;
				PRODUCT_NAME = "$(TARGET_NAME)";
				SWIFT_VERSION = 5.0;
				TARGETED_DEVICE_FAMILY = "1,2";
			};
			name = Debug;
		};
		8E6318E1254B327900DEE8E7 /* Release */ = {
			isa = XCBuildConfiguration;
			baseConfigurationReference = AAE94EBF30FA7453072FF0B1 /* Pods-FilmNite.release.xcconfig */;
			buildSettings = {
				ASSETCATALOG_COMPILER_APPICON_NAME = AppIcon;
				ASSETCATALOG_COMPILER_GLOBAL_ACCENT_COLOR_NAME = AccentColor;
				CODE_SIGN_STYLE = Automatic;
				INFOPLIST_FILE = FilmNite/Info.plist;
				LD_RUNPATH_SEARCH_PATHS = (
					"$(inherited)",
					"@executable_path/Frameworks",
				);
				PRODUCT_BUNDLE_IDENTIFIER = FilmNite.FilmNite;
				PRODUCT_NAME = "$(TARGET_NAME)";
				SWIFT_VERSION = 5.0;
				TARGETED_DEVICE_FAMILY = "1,2";
			};
			name = Release;
		};
		8E6318E3254B327900DEE8E7 /* Debug */ = {
			isa = XCBuildConfiguration;
			baseConfigurationReference = 16B580CA0CD572FB3296C00E /* Pods-FilmNiteTests.debug.xcconfig */;
			buildSettings = {
				ALWAYS_EMBED_SWIFT_STANDARD_LIBRARIES = YES;
				BUNDLE_LOADER = "$(TEST_HOST)";
				CODE_SIGN_STYLE = Automatic;
				INFOPLIST_FILE = FilmNiteTests/Info.plist;
				IPHONEOS_DEPLOYMENT_TARGET = 14.1;
				LD_RUNPATH_SEARCH_PATHS = (
					"$(inherited)",
					"@executable_path/Frameworks",
					"@loader_path/Frameworks",
				);
				PRODUCT_BUNDLE_IDENTIFIER = FilmNite.FilmNiteTests;
				PRODUCT_NAME = "$(TARGET_NAME)";
				SWIFT_VERSION = 5.0;
				TARGETED_DEVICE_FAMILY = "1,2";
				TEST_HOST = "$(BUILT_PRODUCTS_DIR)/FilmNite.app/FilmNite";
			};
			name = Debug;
		};
		8E6318E4254B327900DEE8E7 /* Release */ = {
			isa = XCBuildConfiguration;
			baseConfigurationReference = 068E4729623203EB6E26556D /* Pods-FilmNiteTests.release.xcconfig */;
			buildSettings = {
				ALWAYS_EMBED_SWIFT_STANDARD_LIBRARIES = YES;
				BUNDLE_LOADER = "$(TEST_HOST)";
				CODE_SIGN_STYLE = Automatic;
				INFOPLIST_FILE = FilmNiteTests/Info.plist;
				IPHONEOS_DEPLOYMENT_TARGET = 14.1;
				LD_RUNPATH_SEARCH_PATHS = (
					"$(inherited)",
					"@executable_path/Frameworks",
					"@loader_path/Frameworks",
				);
				PRODUCT_BUNDLE_IDENTIFIER = FilmNite.FilmNiteTests;
				PRODUCT_NAME = "$(TARGET_NAME)";
				SWIFT_VERSION = 5.0;
				TARGETED_DEVICE_FAMILY = "1,2";
				TEST_HOST = "$(BUILT_PRODUCTS_DIR)/FilmNite.app/FilmNite";
			};
			name = Release;
		};
		8E6318E6254B327900DEE8E7 /* Debug */ = {
			isa = XCBuildConfiguration;
			baseConfigurationReference = A2156F374751B353EE6F43C2 /* Pods-FilmNite-FilmNiteUITests.debug.xcconfig */;
			buildSettings = {
				ALWAYS_EMBED_SWIFT_STANDARD_LIBRARIES = YES;
				CODE_SIGN_STYLE = Automatic;
				INFOPLIST_FILE = FilmNiteUITests/Info.plist;
				LD_RUNPATH_SEARCH_PATHS = (
					"$(inherited)",
					"@executable_path/Frameworks",
					"@loader_path/Frameworks",
				);
				PRODUCT_BUNDLE_IDENTIFIER = FilmNite.FilmNiteUITests;
				PRODUCT_NAME = "$(TARGET_NAME)";
				SWIFT_VERSION = 5.0;
				TARGETED_DEVICE_FAMILY = "1,2";
				TEST_TARGET_NAME = FilmNite;
			};
			name = Debug;
		};
		8E6318E7254B327900DEE8E7 /* Release */ = {
			isa = XCBuildConfiguration;
			baseConfigurationReference = 9D1D2484B1A2A54773AD4FBE /* Pods-FilmNite-FilmNiteUITests.release.xcconfig */;
			buildSettings = {
				ALWAYS_EMBED_SWIFT_STANDARD_LIBRARIES = YES;
				CODE_SIGN_STYLE = Automatic;
				INFOPLIST_FILE = FilmNiteUITests/Info.plist;
				LD_RUNPATH_SEARCH_PATHS = (
					"$(inherited)",
					"@executable_path/Frameworks",
					"@loader_path/Frameworks",
				);
				PRODUCT_BUNDLE_IDENTIFIER = FilmNite.FilmNiteUITests;
				PRODUCT_NAME = "$(TARGET_NAME)";
				SWIFT_VERSION = 5.0;
				TARGETED_DEVICE_FAMILY = "1,2";
				TEST_TARGET_NAME = FilmNite;
			};
			name = Release;
		};
/* End XCBuildConfiguration section */

/* Begin XCConfigurationList section */
		8E6318B0254B327600DEE8E7 /* Build configuration list for PBXProject "FilmNite" */ = {
			isa = XCConfigurationList;
			buildConfigurations = (
				8E6318DD254B327900DEE8E7 /* Debug */,
				8E6318DE254B327900DEE8E7 /* Release */,
			);
			defaultConfigurationIsVisible = 0;
			defaultConfigurationName = Release;
		};
		8E6318DF254B327900DEE8E7 /* Build configuration list for PBXNativeTarget "FilmNite" */ = {
			isa = XCConfigurationList;
			buildConfigurations = (
				8E6318E0254B327900DEE8E7 /* Debug */,
				8E6318E1254B327900DEE8E7 /* Release */,
			);
			defaultConfigurationIsVisible = 0;
			defaultConfigurationName = Release;
		};
		8E6318E2254B327900DEE8E7 /* Build configuration list for PBXNativeTarget "FilmNiteTests" */ = {
			isa = XCConfigurationList;
			buildConfigurations = (
				8E6318E3254B327900DEE8E7 /* Debug */,
				8E6318E4254B327900DEE8E7 /* Release */,
			);
			defaultConfigurationIsVisible = 0;
			defaultConfigurationName = Release;
		};
		8E6318E5254B327900DEE8E7 /* Build configuration list for PBXNativeTarget "FilmNiteUITests" */ = {
			isa = XCConfigurationList;
			buildConfigurations = (
				8E6318E6254B327900DEE8E7 /* Debug */,
				8E6318E7254B327900DEE8E7 /* Release */,
			);
			defaultConfigurationIsVisible = 0;
			defaultConfigurationName = Release;
		};
/* End XCConfigurationList section */
	};
	rootObject = 8E6318AD254B327600DEE8E7 /* Project object */;
}
